// !$*UTF8*$!
{
	archiveVersion = 1;
	classes = {
	};
	objectVersion = 56;
	objects = {

/* Begin PBXBuildFile section */
		5289D28F2B572C3A00E8C3DB /* AppDelegate.swift in Sources */ = {isa = PBXBuildFile; fileRef = 5289D28E2B572C3A00E8C3DB /* AppDelegate.swift */; };
		5289D2912B572C3A00E8C3DB /* SceneDelegate.swift in Sources */ = {isa = PBXBuildFile; fileRef = 5289D2902B572C3A00E8C3DB /* SceneDelegate.swift */; };
		5289D2932B572C3A00E8C3DB /* ViewController.swift in Sources */ = {isa = PBXBuildFile; fileRef = 5289D2922B572C3A00E8C3DB /* ViewController.swift */; };
		5289D2962B572C3A00E8C3DB /* Main.storyboard in Resources */ = {isa = PBXBuildFile; fileRef = 5289D2942B572C3A00E8C3DB /* Main.storyboard */; };
		5289D2982B572C3C00E8C3DB /* Assets.xcassets in Resources */ = {isa = PBXBuildFile; fileRef = 5289D2972B572C3C00E8C3DB /* Assets.xcassets */; };
		5289D29B2B572C3C00E8C3DB /* LaunchScreen.storyboard in Resources */ = {isa = PBXBuildFile; fileRef = 5289D2992B572C3C00E8C3DB /* LaunchScreen.storyboard */; };
		5289D2A82B57317E00E8C3DB /* DataService.swift in Sources */ = {isa = PBXBuildFile; fileRef = 5289D2A32B57317E00E8C3DB /* DataService.swift */; };
		5289D2A92B57317E00E8C3DB /* NetworkService.swift in Sources */ = {isa = PBXBuildFile; fileRef = 5289D2A52B57317E00E8C3DB /* NetworkService.swift */; };
		5289D2AA2B57317E00E8C3DB /* NetworkException.swift in Sources */ = {isa = PBXBuildFile; fileRef = 5289D2A62B57317E00E8C3DB /* NetworkException.swift */; };
		5289D2AB2B57317E00E8C3DB /* SessionProtocol.swift in Sources */ = {isa = PBXBuildFile; fileRef = 5289D2A72B57317E00E8C3DB /* SessionProtocol.swift */; };
		5289D2B22B5731A000E8C3DB /* DessertDetailsDTO.swift in Sources */ = {isa = PBXBuildFile; fileRef = 5289D2AE2B5731A000E8C3DB /* DessertDetailsDTO.swift */; };
		5289D2B32B5731A000E8C3DB /* DessertsDTO.swift in Sources */ = {isa = PBXBuildFile; fileRef = 5289D2AF2B5731A000E8C3DB /* DessertsDTO.swift */; };
		5289D2B42B5731A000E8C3DB /* Dessert.swift in Sources */ = {isa = PBXBuildFile; fileRef = 5289D2B02B5731A000E8C3DB /* Dessert.swift */; };
		5289D2B52B5731A000E8C3DB /* DessertDetails.swift in Sources */ = {isa = PBXBuildFile; fileRef = 5289D2B12B5731A000E8C3DB /* DessertDetails.swift */; };
		5289D2B72B5731D200E8C3DB /* URLSession+SessionProtocol.swift in Sources */ = {isa = PBXBuildFile; fileRef = 5289D2B62B5731D200E8C3DB /* URLSession+SessionProtocol.swift */; };
/* End PBXBuildFile section */

/* Begin PBXFileReference section */
		5289D28B2B572C3A00E8C3DB /* FetchDessertsUIKit.app */ = {isa = PBXFileReference; explicitFileType = wrapper.application; includeInIndex = 0; path = FetchDessertsUIKit.app; sourceTree = BUILT_PRODUCTS_DIR; };
		5289D28E2B572C3A00E8C3DB /* AppDelegate.swift */ = {isa = PBXFileReference; lastKnownFileType = sourcecode.swift; path = AppDelegate.swift; sourceTree = "<group>"; };
		5289D2902B572C3A00E8C3DB /* SceneDelegate.swift */ = {isa = PBXFileReference; lastKnownFileType = sourcecode.swift; path = SceneDelegate.swift; sourceTree = "<group>"; };
		5289D2922B572C3A00E8C3DB /* ViewController.swift */ = {isa = PBXFileReference; lastKnownFileType = sourcecode.swift; path = ViewController.swift; sourceTree = "<group>"; };
		5289D2952B572C3A00E8C3DB /* Base */ = {isa = PBXFileReference; lastKnownFileType = file.storyboard; name = Base; path = Base.lproj/Main.storyboard; sourceTree = "<group>"; };
		5289D2972B572C3C00E8C3DB /* Assets.xcassets */ = {isa = PBXFileReference; lastKnownFileType = folder.assetcatalog; path = Assets.xcassets; sourceTree = "<group>"; };
		5289D29A2B572C3C00E8C3DB /* Base */ = {isa = PBXFileReference; lastKnownFileType = file.storyboard; name = Base; path = Base.lproj/LaunchScreen.storyboard; sourceTree = "<group>"; };
		5289D29C2B572C3C00E8C3DB /* Info.plist */ = {isa = PBXFileReference; lastKnownFileType = text.plist.xml; path = Info.plist; sourceTree = "<group>"; };
		5289D2A32B57317E00E8C3DB /* DataService.swift */ = {isa = PBXFileReference; fileEncoding = 4; lastKnownFileType = sourcecode.swift; path = DataService.swift; sourceTree = "<group>"; };
		5289D2A52B57317E00E8C3DB /* NetworkService.swift */ = {isa = PBXFileReference; fileEncoding = 4; lastKnownFileType = sourcecode.swift; path = NetworkService.swift; sourceTree = "<group>"; };
		5289D2A62B57317E00E8C3DB /* NetworkException.swift */ = {isa = PBXFileReference; fileEncoding = 4; lastKnownFileType = sourcecode.swift; path = NetworkException.swift; sourceTree = "<group>"; };
		5289D2A72B57317E00E8C3DB /* SessionProtocol.swift */ = {isa = PBXFileReference; fileEncoding = 4; lastKnownFileType = sourcecode.swift; path = SessionProtocol.swift; sourceTree = "<group>"; };
		5289D2AE2B5731A000E8C3DB /* DessertDetailsDTO.swift */ = {isa = PBXFileReference; fileEncoding = 4; lastKnownFileType = sourcecode.swift; path = DessertDetailsDTO.swift; sourceTree = "<group>"; };
		5289D2AF2B5731A000E8C3DB /* DessertsDTO.swift */ = {isa = PBXFileReference; fileEncoding = 4; lastKnownFileType = sourcecode.swift; path = DessertsDTO.swift; sourceTree = "<group>"; };
		5289D2B02B5731A000E8C3DB /* Dessert.swift */ = {isa = PBXFileReference; fileEncoding = 4; lastKnownFileType = sourcecode.swift; path = Dessert.swift; sourceTree = "<group>"; };
		5289D2B12B5731A000E8C3DB /* DessertDetails.swift */ = {isa = PBXFileReference; fileEncoding = 4; lastKnownFileType = sourcecode.swift; path = DessertDetails.swift; sourceTree = "<group>"; };
		5289D2B62B5731D200E8C3DB /* URLSession+SessionProtocol.swift */ = {isa = PBXFileReference; fileEncoding = 4; lastKnownFileType = sourcecode.swift; path = "URLSession+SessionProtocol.swift"; sourceTree = "<group>"; };
/* End PBXFileReference section */

/* Begin PBXFrameworksBuildPhase section */
		5289D2882B572C3A00E8C3DB /* Frameworks */ = {
			isa = PBXFrameworksBuildPhase;
			buildActionMask = 2147483647;
			files = (
			);
			runOnlyForDeploymentPostprocessing = 0;
		};
/* End PBXFrameworksBuildPhase section */

/* Begin PBXGroup section */
		5289D2822B572C3A00E8C3DB = {
			isa = PBXGroup;
			children = (
				5289D28D2B572C3A00E8C3DB /* FetchDessertsUIKit */,
				5289D28C2B572C3A00E8C3DB /* Products */,
			);
			sourceTree = "<group>";
		};
		5289D28C2B572C3A00E8C3DB /* Products */ = {
			isa = PBXGroup;
			children = (
				5289D28B2B572C3A00E8C3DB /* FetchDessertsUIKit.app */,
			);
			name = Products;
			sourceTree = "<group>";
		};
		5289D28D2B572C3A00E8C3DB /* FetchDessertsUIKit */ = {
			isa = PBXGroup;
			children = (
				5289D28E2B572C3A00E8C3DB /* AppDelegate.swift */,
				5289D2902B572C3A00E8C3DB /* SceneDelegate.swift */,
				5289D2922B572C3A00E8C3DB /* ViewController.swift */,
				5289D2942B572C3A00E8C3DB /* Main.storyboard */,
				5289D2972B572C3C00E8C3DB /* Assets.xcassets */,
				5289D2992B572C3C00E8C3DB /* LaunchScreen.storyboard */,
				5289D29C2B572C3C00E8C3DB /* Info.plist */,
				5289D2B82B5731D800E8C3DB /* Extensions */,
				5289D2A22B57317E00E8C3DB /* Services */,
				5289D2AC2B5731A000E8C3DB /* Models */,
			);
			path = FetchDessertsUIKit;
			sourceTree = "<group>";
		};
		5289D2A22B57317E00E8C3DB /* Services */ = {
			isa = PBXGroup;
			children = (
				5289D2A32B57317E00E8C3DB /* DataService.swift */,
				5289D2A42B57317E00E8C3DB /* Network */,
			);
			path = Services;
			sourceTree = "<group>";
		};
		5289D2A42B57317E00E8C3DB /* Network */ = {
			isa = PBXGroup;
			children = (
				5289D2A52B57317E00E8C3DB /* NetworkService.swift */,
				5289D2A62B57317E00E8C3DB /* NetworkException.swift */,
				5289D2A72B57317E00E8C3DB /* SessionProtocol.swift */,
			);
			path = Network;
			sourceTree = "<group>";
		};
		5289D2AC2B5731A000E8C3DB /* Models */ = {
			isa = PBXGroup;
			children = (
				5289D2AD2B5731A000E8C3DB /* DTOModels */,
				5289D2B02B5731A000E8C3DB /* Dessert.swift */,
				5289D2B12B5731A000E8C3DB /* DessertDetails.swift */,
			);
			path = Models;
			sourceTree = "<group>";
		};
		5289D2AD2B5731A000E8C3DB /* DTOModels */ = {
			isa = PBXGroup;
			children = (
				5289D2AE2B5731A000E8C3DB /* DessertDetailsDTO.swift */,
				5289D2AF2B5731A000E8C3DB /* DessertsDTO.swift */,
			);
			path = DTOModels;
			sourceTree = "<group>";
		};
		5289D2B82B5731D800E8C3DB /* Extensions */ = {
			isa = PBXGroup;
			children = (
				5289D2B62B5731D200E8C3DB /* URLSession+SessionProtocol.swift */,
			);
			path = Extensions;
			sourceTree = "<group>";
		};
/* End PBXGroup section */

/* Begin PBXNativeTarget section */
		5289D28A2B572C3A00E8C3DB /* FetchDessertsUIKit */ = {
			isa = PBXNativeTarget;
			buildConfigurationList = 5289D29F2B572C3C00E8C3DB /* Build configuration list for PBXNativeTarget "FetchDessertsUIKit" */;
			buildPhases = (
				5289D2872B572C3A00E8C3DB /* Sources */,
				5289D2882B572C3A00E8C3DB /* Frameworks */,
				5289D2892B572C3A00E8C3DB /* Resources */,
			);
			buildRules = (
			);
			dependencies = (
			);
			name = FetchDessertsUIKit;
			productName = FetchDessertsUIKit;
			productReference = 5289D28B2B572C3A00E8C3DB /* FetchDessertsUIKit.app */;
			productType = "com.apple.product-type.application";
		};
/* End PBXNativeTarget section */

/* Begin PBXProject section */
		5289D2832B572C3A00E8C3DB /* Project object */ = {
			isa = PBXProject;
			attributes = {
				BuildIndependentTargetsInParallel = 1;
				LastSwiftUpdateCheck = 1520;
				LastUpgradeCheck = 1520;
				TargetAttributes = {
					5289D28A2B572C3A00E8C3DB = {
						CreatedOnToolsVersion = 15.2;
					};
				};
			};
			buildConfigurationList = 5289D2862B572C3A00E8C3DB /* Build configuration list for PBXProject "FetchDessertsUIKit" */;
			compatibilityVersion = "Xcode 14.0";
			developmentRegion = en;
			hasScannedForEncodings = 0;
			knownRegions = (
				en,
				Base,
			);
			mainGroup = 5289D2822B572C3A00E8C3DB;
			productRefGroup = 5289D28C2B572C3A00E8C3DB /* Products */;
			projectDirPath = "";
			projectRoot = "";
			targets = (
				5289D28A2B572C3A00E8C3DB /* FetchDessertsUIKit */,
			);
		};
/* End PBXProject section */

/* Begin PBXResourcesBuildPhase section */
		5289D2892B572C3A00E8C3DB /* Resources */ = {
			isa = PBXResourcesBuildPhase;
			buildActionMask = 2147483647;
			files = (
				5289D29B2B572C3C00E8C3DB /* LaunchScreen.storyboard in Resources */,
				5289D2982B572C3C00E8C3DB /* Assets.xcassets in Resources */,
				5289D2962B572C3A00E8C3DB /* Main.storyboard in Resources */,
			);
			runOnlyForDeploymentPostprocessing = 0;
		};
/* End PBXResourcesBuildPhase section */

/* Begin PBXSourcesBuildPhase section */
		5289D2872B572C3A00E8C3DB /* Sources */ = {
			isa = PBXSourcesBuildPhase;
			buildActionMask = 2147483647;
			files = (
				5289D2B42B5731A000E8C3DB /* Dessert.swift in Sources */,
				5289D2AA2B57317E00E8C3DB /* NetworkException.swift in Sources */,
				5289D2B22B5731A000E8C3DB /* DessertDetailsDTO.swift in Sources */,
				5289D2A92B57317E00E8C3DB /* NetworkService.swift in Sources */,
				5289D2932B572C3A00E8C3DB /* ViewController.swift in Sources */,
				5289D28F2B572C3A00E8C3DB /* AppDelegate.swift in Sources */,
				5289D2B32B5731A000E8C3DB /* DessertsDTO.swift in Sources */,
				5289D2AB2B57317E00E8C3DB /* SessionProtocol.swift in Sources */,
				5289D2912B572C3A00E8C3DB /* SceneDelegate.swift in Sources */,
				5289D2B52B5731A000E8C3DB /* DessertDetails.swift in Sources */,
				5289D2B72B5731D200E8C3DB /* URLSession+SessionProtocol.swift in Sources */,
				5289D2A82B57317E00E8C3DB /* DataService.swift in Sources */,
			);
			runOnlyForDeploymentPostprocessing = 0;
		};
/* End PBXSourcesBuildPhase section */

/* Begin PBXVariantGroup section */
		5289D2942B572C3A00E8C3DB /* Main.storyboard */ = {
			isa = PBXVariantGroup;
			children = (
				5289D2952B572C3A00E8C3DB /* Base */,
			);
			name = Main.storyboard;
			sourceTree = "<group>";
		};
		5289D2992B572C3C00E8C3DB /* LaunchScreen.storyboard */ = {
			isa = PBXVariantGroup;
			children = (
				5289D29A2B572C3C00E8C3DB /* Base */,
			);
			name = LaunchScreen.storyboard;
			sourceTree = "<group>";
		};
/* End PBXVariantGroup section */

/* Begin XCBuildConfiguration section */
		5289D29D2B572C3C00E8C3DB /* Debug */ = {
			isa = XCBuildConfiguration;
			buildSettings = {
				ALWAYS_SEARCH_USER_PATHS = NO;
				ASSETCATALOG_COMPILER_GENERATE_SWIFT_ASSET_SYMBOL_EXTENSIONS = YES;
				CLANG_ANALYZER_NONNULL = YES;
				CLANG_ANALYZER_NUMBER_OBJECT_CONVERSION = YES_AGGRESSIVE;
				CLANG_CXX_LANGUAGE_STANDARD = "gnu++20";
				CLANG_ENABLE_MODULES = YES;
				CLANG_ENABLE_OBJC_ARC = YES;
				CLANG_ENABLE_OBJC_WEAK = YES;
				CLANG_WARN_BLOCK_CAPTURE_AUTORELEASING = YES;
				CLANG_WARN_BOOL_CONVERSION = YES;
				CLANG_WARN_COMMA = YES;
				CLANG_WARN_CONSTANT_CONVERSION = YES;
				CLANG_WARN_DEPRECATED_OBJC_IMPLEMENTATIONS = YES;
				CLANG_WARN_DIRECT_OBJC_ISA_USAGE = YES_ERROR;
				CLANG_WARN_DOCUMENTATION_COMMENTS = YES;
				CLANG_WARN_EMPTY_BODY = YES;
				CLANG_WARN_ENUM_CONVERSION = YES;
				CLANG_WARN_INFINITE_RECURSION = YES;
				CLANG_WARN_INT_CONVERSION = YES;
				CLANG_WARN_NON_LITERAL_NULL_CONVERSION = YES;
				CLANG_WARN_OBJC_IMPLICIT_RETAIN_SELF = YES;
				CLANG_WARN_OBJC_LITERAL_CONVERSION = YES;
				CLANG_WARN_OBJC_ROOT_CLASS = YES_ERROR;
				CLANG_WARN_QUOTED_INCLUDE_IN_FRAMEWORK_HEADER = YES;
				CLANG_WARN_RANGE_LOOP_ANALYSIS = YES;
				CLANG_WARN_STRICT_PROTOTYPES = YES;
				CLANG_WARN_SUSPICIOUS_MOVE = YES;
				CLANG_WARN_UNGUARDED_AVAILABILITY = YES_AGGRESSIVE;
				CLANG_WARN_UNREACHABLE_CODE = YES;
				CLANG_WARN__DUPLICATE_METHOD_MATCH = YES;
				COPY_PHASE_STRIP = NO;
				DEBUG_INFORMATION_FORMAT = dwarf;
				ENABLE_STRICT_OBJC_MSGSEND = YES;
				ENABLE_TESTABILITY = YES;
				ENABLE_USER_SCRIPT_SANDBOXING = YES;
				GCC_C_LANGUAGE_STANDARD = gnu17;
				GCC_DYNAMIC_NO_PIC = NO;
				GCC_NO_COMMON_BLOCKS = YES;
				GCC_OPTIMIZATION_LEVEL = 0;
				GCC_PREPROCESSOR_DEFINITIONS = (
					"DEBUG=1",
					"$(inherited)",
				);
				GCC_WARN_64_TO_32_BIT_CONVERSION = YES;
				GCC_WARN_ABOUT_RETURN_TYPE = YES_ERROR;
				GCC_WARN_UNDECLARED_SELECTOR = YES;
				GCC_WARN_UNINITIALIZED_AUTOS = YES_AGGRESSIVE;
				GCC_WARN_UNUSED_FUNCTION = YES;
				GCC_WARN_UNUSED_VARIABLE = YES;
				IPHONEOS_DEPLOYMENT_TARGET = 17.2;
				LOCALIZATION_PREFERS_STRING_CATALOGS = YES;
				MTL_ENABLE_DEBUG_INFO = INCLUDE_SOURCE;
				MTL_FAST_MATH = YES;
				ONLY_ACTIVE_ARCH = YES;
				SDKROOT = iphoneos;
				SWIFT_ACTIVE_COMPILATION_CONDITIONS = "DEBUG $(inherited)";
				SWIFT_OPTIMIZATION_LEVEL = "-Onone";
			};
			name = Debug;
		};
		5289D29E2B572C3C00E8C3DB /* Release */ = {
			isa = XCBuildConfiguration;
			buildSettings = {
				ALWAYS_SEARCH_USER_PATHS = NO;
				ASSETCATALOG_COMPILER_GENERATE_SWIFT_ASSET_SYMBOL_EXTENSIONS = YES;
				CLANG_ANALYZER_NONNULL = YES;
				CLANG_ANALYZER_NUMBER_OBJECT_CONVERSION = YES_AGGRESSIVE;
				CLANG_CXX_LANGUAGE_STANDARD = "gnu++20";
				CLANG_ENABLE_MODULES = YES;
				CLANG_ENABLE_OBJC_ARC = YES;
				CLANG_ENABLE_OBJC_WEAK = YES;
				CLANG_WARN_BLOCK_CAPTURE_AUTORELEASING = YES;
				CLANG_WARN_BOOL_CONVERSION = YES;
				CLANG_WARN_COMMA = YES;
				CLANG_WARN_CONSTANT_CONVERSION = YES;
				CLANG_WARN_DEPRECATED_OBJC_IMPLEMENTATIONS = YES;
				CLANG_WARN_DIRECT_OBJC_ISA_USAGE = YES_ERROR;
				CLANG_WARN_DOCUMENTATION_COMMENTS = YES;
				CLANG_WARN_EMPTY_BODY = YES;
				CLANG_WARN_ENUM_CONVERSION = YES;
				CLANG_WARN_INFINITE_RECURSION = YES;
				CLANG_WARN_INT_CONVERSION = YES;
				CLANG_WARN_NON_LITERAL_NULL_CONVERSION = YES;
				CLANG_WARN_OBJC_IMPLICIT_RETAIN_SELF = YES;
				CLANG_WARN_OBJC_LITERAL_CONVERSION = YES;
				CLANG_WARN_OBJC_ROOT_CLASS = YES_ERROR;
				CLANG_WARN_QUOTED_INCLUDE_IN_FRAMEWORK_HEADER = YES;
				CLANG_WARN_RANGE_LOOP_ANALYSIS = YES;
				CLANG_WARN_STRICT_PROTOTYPES = YES;
				CLANG_WARN_SUSPICIOUS_MOVE = YES;
				CLANG_WARN_UNGUARDED_AVAILABILITY = YES_AGGRESSIVE;
				CLANG_WARN_UNREACHABLE_CODE = YES;
				CLANG_WARN__DUPLICATE_METHOD_MATCH = YES;
				COPY_PHASE_STRIP = NO;
				DEBUG_INFORMATION_FORMAT = "dwarf-with-dsym";
				ENABLE_NS_ASSERTIONS = NO;
				ENABLE_STRICT_OBJC_MSGSEND = YES;
				ENABLE_USER_SCRIPT_SANDBOXING = YES;
				GCC_C_LANGUAGE_STANDARD = gnu17;
				GCC_NO_COMMON_BLOCKS = YES;
				GCC_WARN_64_TO_32_BIT_CONVERSION = YES;
				GCC_WARN_ABOUT_RETURN_TYPE = YES_ERROR;
				GCC_WARN_UNDECLARED_SELECTOR = YES;
				GCC_WARN_UNINITIALIZED_AUTOS = YES_AGGRESSIVE;
				GCC_WARN_UNUSED_FUNCTION = YES;
				GCC_WARN_UNUSED_VARIABLE = YES;
				IPHONEOS_DEPLOYMENT_TARGET = 17.2;
				LOCALIZATION_PREFERS_STRING_CATALOGS = YES;
				MTL_ENABLE_DEBUG_INFO = NO;
				MTL_FAST_MATH = YES;
				SDKROOT = iphoneos;
				SWIFT_COMPILATION_MODE = wholemodule;
				VALIDATE_PRODUCT = YES;
			};
			name = Release;
		};
		5289D2A02B572C3C00E8C3DB /* Debug */ = {
			isa = XCBuildConfiguration;
			buildSettings = {
				ASSETCATALOG_COMPILER_APPICON_NAME = AppIcon;
				ASSETCATALOG_COMPILER_GLOBAL_ACCENT_COLOR_NAME = AccentColor;
				CODE_SIGN_STYLE = Automatic;
				CURRENT_PROJECT_VERSION = 1;
				DEVELOPMENT_TEAM = 5MHQLWW6Y5;
				GENERATE_INFOPLIST_FILE = YES;
				INFOPLIST_FILE = FetchDessertsUIKit/Info.plist;
				INFOPLIST_KEY_CFBundleDisplayName = "Dessert UIKit";
				INFOPLIST_KEY_UIApplicationSupportsIndirectInputEvents = YES;
				INFOPLIST_KEY_UILaunchStoryboardName = LaunchScreen;
				INFOPLIST_KEY_UISupportedInterfaceOrientations_iPad = "UIInterfaceOrientationPortrait UIInterfaceOrientationPortraitUpsideDown UIInterfaceOrientationLandscapeLeft UIInterfaceOrientationLandscapeRight";
				INFOPLIST_KEY_UISupportedInterfaceOrientations_iPhone = "UIInterfaceOrientationPortrait UIInterfaceOrientationLandscapeLeft UIInterfaceOrientationLandscapeRight";
				LD_RUNPATH_SEARCH_PATHS = (
					"$(inherited)",
					"@executable_path/Frameworks",
				);
				MARKETING_VERSION = 1.0;
				PRODUCT_BUNDLE_IDENTIFIER = com.JDPaul.FetchDessertsUIKit;
				PRODUCT_NAME = "$(TARGET_NAME)";
				SWIFT_EMIT_LOC_STRINGS = YES;
				SWIFT_VERSION = 5.0;
				TARGETED_DEVICE_FAMILY = "1,2";
			};
			name = Debug;
		};
		5289D2A12B572C3C00E8C3DB /* Release */ = {
			isa = XCBuildConfiguration;
			buildSettings = {
				ASSETCATALOG_COMPILER_APPICON_NAME = AppIcon;
				ASSETCATALOG_COMPILER_GLOBAL_ACCENT_COLOR_NAME = AccentColor;
				CODE_SIGN_STYLE = Automatic;
				CURRENT_PROJECT_VERSION = 1;
				DEVELOPMENT_TEAM = 5MHQLWW6Y5;
				GENERATE_INFOPLIST_FILE = YES;
				INFOPLIST_FILE = FetchDessertsUIKit/Info.plist;
				INFOPLIST_KEY_CFBundleDisplayName = "Dessert UIKit";
				INFOPLIST_KEY_UIApplicationSupportsIndirectInputEvents = YES;
				INFOPLIST_KEY_UILaunchStoryboardName = LaunchScreen;
				INFOPLIST_KEY_UISupportedInterfaceOrientations_iPad = "UIInterfaceOrientationPortrait UIInterfaceOrientationPortraitUpsideDown UIInterfaceOrientationLandscapeLeft UIInterfaceOrientationLandscapeRight";
				INFOPLIST_KEY_UISupportedInterfaceOrientations_iPhone = "UIInterfaceOrientationPortrait UIInterfaceOrientationLandscapeLeft UIInterfaceOrientationLandscapeRight";
				LD_RUNPATH_SEARCH_PATHS = (
					"$(inherited)",
					"@executable_path/Frameworks",
				);
				MARKETING_VERSION = 1.0;
				PRODUCT_BUNDLE_IDENTIFIER = com.JDPaul.FetchDessertsUIKit;
				PRODUCT_NAME = "$(TARGET_NAME)";
				SWIFT_EMIT_LOC_STRINGS = YES;
				SWIFT_VERSION = 5.0;
				TARGETED_DEVICE_FAMILY = "1,2";
			};
			name = Release;
		};
/* End XCBuildConfiguration section */

/* Begin XCConfigurationList section */
		5289D2862B572C3A00E8C3DB /* Build configuration list for PBXProject "FetchDessertsUIKit" */ = {
			isa = XCConfigurationList;
			buildConfigurations = (
				5289D29D2B572C3C00E8C3DB /* Debug */,
				5289D29E2B572C3C00E8C3DB /* Release */,
			);
			defaultConfigurationIsVisible = 0;
			defaultConfigurationName = Release;
		};
		5289D29F2B572C3C00E8C3DB /* Build configuration list for PBXNativeTarget "FetchDessertsUIKit" */ = {
			isa = XCConfigurationList;
			buildConfigurations = (
				5289D2A02B572C3C00E8C3DB /* Debug */,
				5289D2A12B572C3C00E8C3DB /* Release */,
			);
			defaultConfigurationIsVisible = 0;
			defaultConfigurationName = Release;
		};
/* End XCConfigurationList section */
	};
	rootObject = 5289D2832B572C3A00E8C3DB /* Project object */;
}
